// !$*UTF8*$!
{
	archiveVersion = 1;
	classes = {
	};
	objectVersion = 46;
	objects = {

/* Begin PBXBuildFile section */
		07B53EAE1C0E526700C45274 /* AppDelegate.swift in Sources */ = {isa = PBXBuildFile; fileRef = 07B53EAD1C0E526700C45274 /* AppDelegate.swift */; };
		07B53EB01C0E526700C45274 /* ViewController.swift in Sources */ = {isa = PBXBuildFile; fileRef = 07B53EAF1C0E526700C45274 /* ViewController.swift */; };
		07B53EB31C0E526700C45274 /* Main.storyboard in Resources */ = {isa = PBXBuildFile; fileRef = 07B53EB11C0E526700C45274 /* Main.storyboard */; };
		07B53EB61C0E526700C45274 /* Gera_User_App.xcdatamodeld in Sources */ = {isa = PBXBuildFile; fileRef = 07B53EB41C0E526700C45274 /* Gera_User_App.xcdatamodeld */; };
		07B53EB81C0E526700C45274 /* Assets.xcassets in Resources */ = {isa = PBXBuildFile; fileRef = 07B53EB71C0E526700C45274 /* Assets.xcassets */; };
		07B53EBB1C0E526700C45274 /* LaunchScreen.storyboard in Resources */ = {isa = PBXBuildFile; fileRef = 07B53EB91C0E526700C45274 /* LaunchScreen.storyboard */; };
		07B53EC61C0E526800C45274 /* Gera_User_AppTests.swift in Sources */ = {isa = PBXBuildFile; fileRef = 07B53EC51C0E526800C45274 /* Gera_User_AppTests.swift */; };
		07B53ED11C0E526800C45274 /* Gera_User_AppUITests.swift in Sources */ = {isa = PBXBuildFile; fileRef = 07B53ED01C0E526800C45274 /* Gera_User_AppUITests.swift */; };
/* End PBXBuildFile section */

/* Begin PBXContainerItemProxy section */
		07B53EC21C0E526800C45274 /* PBXContainerItemProxy */ = {
			isa = PBXContainerItemProxy;
			containerPortal = 07B53EA21C0E526700C45274 /* Project object */;
			proxyType = 1;
			remoteGlobalIDString = 07B53EA91C0E526700C45274;
			remoteInfo = Gera_User_App;
		};
		07B53ECD1C0E526800C45274 /* PBXContainerItemProxy */ = {
			isa = PBXContainerItemProxy;
			containerPortal = 07B53EA21C0E526700C45274 /* Project object */;
			proxyType = 1;
			remoteGlobalIDString = 07B53EA91C0E526700C45274;
			remoteInfo = Gera_User_App;
		};
/* End PBXContainerItemProxy section */

/* Begin PBXFileReference section */
		07B53EAA1C0E526700C45274 /* Gera_User_App.app */ = {isa = PBXFileReference; explicitFileType = wrapper.application; includeInIndex = 0; path = Gera_User_App.app; sourceTree = BUILT_PRODUCTS_DIR; };
		07B53EAD1C0E526700C45274 /* AppDelegate.swift */ = {isa = PBXFileReference; lastKnownFileType = sourcecode.swift; path = AppDelegate.swift; sourceTree = "<group>"; };
		07B53EAF1C0E526700C45274 /* ViewController.swift */ = {isa = PBXFileReference; lastKnownFileType = sourcecode.swift; path = ViewController.swift; sourceTree = "<group>"; };
		07B53EB21C0E526700C45274 /* Base */ = {isa = PBXFileReference; lastKnownFileType = file.storyboard; name = Base; path = Base.lproj/Main.storyboard; sourceTree = "<group>"; };
		07B53EB51C0E526700C45274 /* Gera_User_App.xcdatamodel */ = {isa = PBXFileReference; lastKnownFileType = wrapper.xcdatamodel; path = Gera_User_App.xcdatamodel; sourceTree = "<group>"; };
		07B53EB71C0E526700C45274 /* Assets.xcassets */ = {isa = PBXFileReference; lastKnownFileType = folder.assetcatalog; path = Assets.xcassets; sourceTree = "<group>"; };
		07B53EBA1C0E526700C45274 /* Base */ = {isa = PBXFileReference; lastKnownFileType = file.storyboard; name = Base; path = Base.lproj/LaunchScreen.storyboard; sourceTree = "<group>"; };
		07B53EBC1C0E526700C45274 /* Info.plist */ = {isa = PBXFileReference; lastKnownFileType = text.plist.xml; path = Info.plist; sourceTree = "<group>"; };
		07B53EC11C0E526800C45274 /* Gera_User_AppTests.xctest */ = {isa = PBXFileReference; explicitFileType = wrapper.cfbundle; includeInIndex = 0; path = Gera_User_AppTests.xctest; sourceTree = BUILT_PRODUCTS_DIR; };
		07B53EC51C0E526800C45274 /* Gera_User_AppTests.swift */ = {isa = PBXFileReference; lastKnownFileType = sourcecode.swift; path = Gera_User_AppTests.swift; sourceTree = "<group>"; };
		07B53EC71C0E526800C45274 /* Info.plist */ = {isa = PBXFileReference; lastKnownFileType = text.plist.xml; path = Info.plist; sourceTree = "<group>"; };
		07B53ECC1C0E526800C45274 /* Gera_User_AppUITests.xctest */ = {isa = PBXFileReference; explicitFileType = wrapper.cfbundle; includeInIndex = 0; path = Gera_User_AppUITests.xctest; sourceTree = BUILT_PRODUCTS_DIR; };
		07B53ED01C0E526800C45274 /* Gera_User_AppUITests.swift */ = {isa = PBXFileReference; lastKnownFileType = sourcecode.swift; path = Gera_User_AppUITests.swift; sourceTree = "<group>"; };
		07B53ED21C0E526800C45274 /* Info.plist */ = {isa = PBXFileReference; lastKnownFileType = text.plist.xml; path = Info.plist; sourceTree = "<group>"; };
/* End PBXFileReference section */

/* Begin PBXFrameworksBuildPhase section */
		07B53EA71C0E526700C45274 /* Frameworks */ = {
			isa = PBXFrameworksBuildPhase;
			buildActionMask = 2147483647;
			files = (
			);
			runOnlyForDeploymentPostprocessing = 0;
		};
		07B53EBE1C0E526800C45274 /* Frameworks */ = {
			isa = PBXFrameworksBuildPhase;
			buildActionMask = 2147483647;
			files = (
			);
			runOnlyForDeploymentPostprocessing = 0;
		};
		07B53EC91C0E526800C45274 /* Frameworks */ = {
			isa = PBXFrameworksBuildPhase;
			buildActionMask = 2147483647;
			files = (
			);
			runOnlyForDeploymentPostprocessing = 0;
		};
/* End PBXFrameworksBuildPhase section */

/* Begin PBXGroup section */
		07B53EA11C0E526700C45274 = {
			isa = PBXGroup;
			children = (
				07B53EAC1C0E526700C45274 /* Gera_User_App */,
				07B53EC41C0E526800C45274 /* Gera_User_AppTests */,
				07B53ECF1C0E526800C45274 /* Gera_User_AppUITests */,
				07B53EAB1C0E526700C45274 /* Products */,
			);
			sourceTree = "<group>";
		};
		07B53EAB1C0E526700C45274 /* Products */ = {
			isa = PBXGroup;
			children = (
				07B53EAA1C0E526700C45274 /* Gera_User_App.app */,
				07B53EC11C0E526800C45274 /* Gera_User_AppTests.xctest */,
				07B53ECC1C0E526800C45274 /* Gera_User_AppUITests.xctest */,
			);
			name = Products;
			sourceTree = "<group>";
		};
		07B53EAC1C0E526700C45274 /* Gera_User_App */ = {
			isa = PBXGroup;
			children = (
				07B53EAD1C0E526700C45274 /* AppDelegate.swift */,
				07B53EAF1C0E526700C45274 /* ViewController.swift */,
				07B53EB11C0E526700C45274 /* Main.storyboard */,
				07B53EB71C0E526700C45274 /* Assets.xcassets */,
				07B53EB91C0E526700C45274 /* LaunchScreen.storyboard */,
				07B53EBC1C0E526700C45274 /* Info.plist */,
				07B53EB41C0E526700C45274 /* Gera_User_App.xcdatamodeld */,
			);
			path = Gera_User_App;
			sourceTree = "<group>";
		};
		07B53EC41C0E526800C45274 /* Gera_User_AppTests */ = {
			isa = PBXGroup;
			children = (
				07B53EC51C0E526800C45274 /* Gera_User_AppTests.swift */,
				07B53EC71C0E526800C45274 /* Info.plist */,
			);
			path = Gera_User_AppTests;
			sourceTree = "<group>";
		};
		07B53ECF1C0E526800C45274 /* Gera_User_AppUITests */ = {
			isa = PBXGroup;
			children = (
				07B53ED01C0E526800C45274 /* Gera_User_AppUITests.swift */,
				07B53ED21C0E526800C45274 /* Info.plist */,
			);
			path = Gera_User_AppUITests;
			sourceTree = "<group>";
		};
/* End PBXGroup section */

/* Begin PBXNativeTarget section */
		07B53EA91C0E526700C45274 /* Gera_User_App */ = {
			isa = PBXNativeTarget;
			buildConfigurationList = 07B53ED51C0E526800C45274 /* Build configuration list for PBXNativeTarget "Gera_User_App" */;
			buildPhases = (
				07B53EA61C0E526700C45274 /* Sources */,
				07B53EA71C0E526700C45274 /* Frameworks */,
				07B53EA81C0E526700C45274 /* Resources */,
			);
			buildRules = (
			);
			dependencies = (
			);
			name = Gera_User_App;
			productName = Gera_User_App;
			productReference = 07B53EAA1C0E526700C45274 /* Gera_User_App.app */;
			productType = "com.apple.product-type.application";
		};
		07B53EC01C0E526800C45274 /* Gera_User_AppTests */ = {
			isa = PBXNativeTarget;
			buildConfigurationList = 07B53ED81C0E526800C45274 /* Build configuration list for PBXNativeTarget "Gera_User_AppTests" */;
			buildPhases = (
				07B53EBD1C0E526800C45274 /* Sources */,
				07B53EBE1C0E526800C45274 /* Frameworks */,
				07B53EBF1C0E526800C45274 /* Resources */,
			);
			buildRules = (
			);
			dependencies = (
				07B53EC31C0E526800C45274 /* PBXTargetDependency */,
			);
			name = Gera_User_AppTests;
			productName = Gera_User_AppTests;
			productReference = 07B53EC11C0E526800C45274 /* Gera_User_AppTests.xctest */;
			productType = "com.apple.product-type.bundle.unit-test";
		};
		07B53ECB1C0E526800C45274 /* Gera_User_AppUITests */ = {
			isa = PBXNativeTarget;
			buildConfigurationList = 07B53EDB1C0E526800C45274 /* Build configuration list for PBXNativeTarget "Gera_User_AppUITests" */;
			buildPhases = (
				07B53EC81C0E526800C45274 /* Sources */,
				07B53EC91C0E526800C45274 /* Frameworks */,
				07B53ECA1C0E526800C45274 /* Resources */,
			);
			buildRules = (
			);
			dependencies = (
				07B53ECE1C0E526800C45274 /* PBXTargetDependency */,
			);
			name = Gera_User_AppUITests;
			productName = Gera_User_AppUITests;
			productReference = 07B53ECC1C0E526800C45274 /* Gera_User_AppUITests.xctest */;
			productType = "com.apple.product-type.bundle.ui-testing";
		};
/* End PBXNativeTarget section */

/* Begin PBXProject section */
		07B53EA21C0E526700C45274 /* Project object */ = {
			isa = PBXProject;
			attributes = {
				LastSwiftUpdateCheck = 0710;
				LastUpgradeCheck = 0710;
				ORGANIZATIONNAME = Human;
				TargetAttributes = {
					07B53EA91C0E526700C45274 = {
						CreatedOnToolsVersion = 7.1.1;
						SystemCapabilities = {
							com.apple.BackgroundModes = {
								enabled = 1;
							};
						};
					};
					07B53EC01C0E526800C45274 = {
						CreatedOnToolsVersion = 7.1.1;
						TestTargetID = 07B53EA91C0E526700C45274;
					};
					07B53ECB1C0E526800C45274 = {
						CreatedOnToolsVersion = 7.1.1;
						TestTargetID = 07B53EA91C0E526700C45274;
					};
				};
			};
			buildConfigurationList = 07B53EA51C0E526700C45274 /* Build configuration list for PBXProject "Gera_User_App" */;
			compatibilityVersion = "Xcode 3.2";
			developmentRegion = English;
			hasScannedForEncodings = 0;
			knownRegions = (
				en,
				Base,
			);
			mainGroup = 07B53EA11C0E526700C45274;
			productRefGroup = 07B53EAB1C0E526700C45274 /* Products */;
			projectDirPath = "";
			projectRoot = "";
			targets = (
				07B53EA91C0E526700C45274 /* Gera_User_App */,
				07B53EC01C0E526800C45274 /* Gera_User_AppTests */,
				07B53ECB1C0E526800C45274 /* Gera_User_AppUITests */,
			);
		};
/* End PBXProject section */

/* Begin PBXResourcesBuildPhase section */
		07B53EA81C0E526700C45274 /* Resources */ = {
			isa = PBXResourcesBuildPhase;
			buildActionMask = 2147483647;
			files = (
				07B53EBB1C0E526700C45274 /* LaunchScreen.storyboard in Resources */,
				07B53EB81C0E526700C45274 /* Assets.xcassets in Resources */,
				07B53EB31C0E526700C45274 /* Main.storyboard in Resources */,
			);
			runOnlyForDeploymentPostprocessing = 0;
		};
		07B53EBF1C0E526800C45274 /* Resources */ = {
			isa = PBXResourcesBuildPhase;
			buildActionMask = 2147483647;
			files = (
			);
			runOnlyForDeploymentPostprocessing = 0;
		};
		07B53ECA1C0E526800C45274 /* Resources */ = {
			isa = PBXResourcesBuildPhase;
			buildActionMask = 2147483647;
			files = (
			);
			runOnlyForDeploymentPostprocessing = 0;
		};
/* End PBXResourcesBuildPhase section */

/* Begin PBXSourcesBuildPhase section */
		07B53EA61C0E526700C45274 /* Sources */ = {
			isa = PBXSourcesBuildPhase;
			buildActionMask = 2147483647;
			files = (
				07B53EB61C0E526700C45274 /* Gera_User_App.xcdatamodeld in Sources */,
				07B53EB01C0E526700C45274 /* ViewController.swift in Sources */,
				07B53EAE1C0E526700C45274 /* AppDelegate.swift in Sources */,
			);
			runOnlyForDeploymentPostprocessing = 0;
		};
		07B53EBD1C0E526800C45274 /* Sources */ = {
			isa = PBXSourcesBuildPhase;
			buildActionMask = 2147483647;
			files = (
				07B53EC61C0E526800C45274 /* Gera_User_AppTests.swift in Sources */,
			);
			runOnlyForDeploymentPostprocessing = 0;
		};
		07B53EC81C0E526800C45274 /* Sources */ = {
			isa = PBXSourcesBuildPhase;
			buildActionMask = 2147483647;
			files = (
				07B53ED11C0E526800C45274 /* Gera_User_AppUITests.swift in Sources */,
			);
			runOnlyForDeploymentPostprocessing = 0;
		};
/* End PBXSourcesBuildPhase section */

/* Begin PBXTargetDependency section */
		07B53EC31C0E526800C45274 /* PBXTargetDependency */ = {
			isa = PBXTargetDependency;
			target = 07B53EA91C0E526700C45274 /* Gera_User_App */;
			targetProxy = 07B53EC21C0E526800C45274 /* PBXContainerItemProxy */;
		};
		07B53ECE1C0E526800C45274 /* PBXTargetDependency */ = {
			isa = PBXTargetDependency;
			target = 07B53EA91C0E526700C45274 /* Gera_User_App */;
			targetProxy = 07B53ECD1C0E526800C45274 /* PBXContainerItemProxy */;
		};
/* End PBXTargetDependency section */

/* Begin PBXVariantGroup section */
		07B53EB11C0E526700C45274 /* Main.storyboard */ = {
			isa = PBXVariantGroup;
			children = (
				07B53EB21C0E526700C45274 /* Base */,
			);
			name = Main.storyboard;
			sourceTree = "<group>";
		};
		07B53EB91C0E526700C45274 /* LaunchScreen.storyboard */ = {
			isa = PBXVariantGroup;
			children = (
				07B53EBA1C0E526700C45274 /* Base */,
			);
			name = LaunchScreen.storyboard;
			sourceTree = "<group>";
		};
/* End PBXVariantGroup section */

/* Begin XCBuildConfiguration section */
		07B53ED31C0E526800C45274 /* Debug */ = {
			isa = XCBuildConfiguration;
			buildSettings = {
				ALWAYS_SEARCH_USER_PATHS = NO;
				CLANG_CXX_LANGUAGE_STANDARD = "gnu++0x";
				CLANG_CXX_LIBRARY = "libc++";
				CLANG_ENABLE_MODULES = YES;
				CLANG_ENABLE_OBJC_ARC = YES;
				CLANG_WARN_BOOL_CONVERSION = YES;
				CLANG_WARN_CONSTANT_CONVERSION = YES;
				CLANG_WARN_DIRECT_OBJC_ISA_USAGE = YES_ERROR;
				CLANG_WARN_EMPTY_BODY = YES;
				CLANG_WARN_ENUM_CONVERSION = YES;
				CLANG_WARN_INT_CONVERSION = YES;
				CLANG_WARN_OBJC_ROOT_CLASS = YES_ERROR;
				CLANG_WARN_UNREACHABLE_CODE = YES;
				CLANG_WARN__DUPLICATE_METHOD_MATCH = YES;
				"CODE_SIGN_IDENTITY[sdk=iphoneos*]" = "iPhone Developer";
				COPY_PHASE_STRIP = NO;
				DEBUG_INFORMATION_FORMAT = dwarf;
				ENABLE_STRICT_OBJC_MSGSEND = YES;
				ENABLE_TESTABILITY = YES;
				GCC_C_LANGUAGE_STANDARD = gnu99;
				GCC_DYNAMIC_NO_PIC = NO;
				GCC_NO_COMMON_BLOCKS = YES;
				GCC_OPTIMIZATION_LEVEL = 0;
				GCC_PREPROCESSOR_DEFINITIONS = (
					"DEBUG=1",
					"$(inherited)",
				);
				GCC_WARN_64_TO_32_BIT_CONVERSION = YES;
				GCC_WARN_ABOUT_RETURN_TYPE = YES_ERROR;
				GCC_WARN_UNDECLARED_SELECTOR = YES;
				GCC_WARN_UNINITIALIZED_AUTOS = YES_AGGRESSIVE;
				GCC_WARN_UNUSED_FUNCTION = YES;
				GCC_WARN_UNUSED_VARIABLE = YES;
				IPHONEOS_DEPLOYMENT_TARGET = 9.1;
				MTL_ENABLE_DEBUG_INFO = YES;
				ONLY_ACTIVE_ARCH = YES;
				SDKROOT = iphoneos;
				SWIFT_OPTIMIZATION_LEVEL = "-Onone";
			};
			name = Debug;
		};
		07B53ED41C0E526800C45274 /* Release */ = {
			isa = XCBuildConfiguration;
			buildSettings = {
				ALWAYS_SEARCH_USER_PATHS = NO;
				CLANG_CXX_LANGUAGE_STANDARD = "gnu++0x";
				CLANG_CXX_LIBRARY = "libc++";
				CLANG_ENABLE_MODULES = YES;
				CLANG_ENABLE_OBJC_ARC = YES;
				CLANG_WARN_BOOL_CONVERSION = YES;
				CLANG_WARN_CONSTANT_CONVERSION = YES;
				CLANG_WARN_DIRECT_OBJC_ISA_USAGE = YES_ERROR;
				CLANG_WARN_EMPTY_BODY = YES;
				CLANG_WARN_ENUM_CONVERSION = YES;
				CLANG_WARN_INT_CONVERSION = YES;
				CLANG_WARN_OBJC_ROOT_CLASS = YES_ERROR;
				CLANG_WARN_UNREACHABLE_CODE = YES;
				CLANG_WARN__DUPLICATE_METHOD_MATCH = YES;
				"CODE_SIGN_IDENTITY[sdk=iphoneos*]" = "iPhone Developer";
				COPY_PHASE_STRIP = NO;
				DEBUG_INFORMATION_FORMAT = "dwarf-with-dsym";
				ENABLE_NS_ASSERTIONS = NO;
				ENABLE_STRICT_OBJC_MSGSEND = YES;
				GCC_C_LANGUAGE_STANDARD = gnu99;
				GCC_NO_COMMON_BLOCKS = YES;
				GCC_WARN_64_TO_32_BIT_CONVERSION = YES;
				GCC_WARN_ABOUT_RETURN_TYPE = YES_ERROR;
				GCC_WARN_UNDECLARED_SELECTOR = YES;
				GCC_WARN_UNINITIALIZED_AUTOS = YES_AGGRESSIVE;
				GCC_WARN_UNUSED_FUNCTION = YES;
				GCC_WARN_UNUSED_VARIABLE = YES;
				IPHONEOS_DEPLOYMENT_TARGET = 9.1;
				MTL_ENABLE_DEBUG_INFO = NO;
				SDKROOT = iphoneos;
				VALIDATE_PRODUCT = YES;
			};
			name = Release;
		};
		07B53ED61C0E526800C45274 /* Debug */ = {
			isa = XCBuildConfiguration;
			buildSettings = {
				ASSETCATALOG_COMPILER_APPICON_NAME = AppIcon;
				INFOPLIST_FILE = Gera_User_App/Info.plist;
				LD_RUNPATH_SEARCH_PATHS = "$(inherited) @executable_path/Frameworks";
				PRODUCT_BUNDLE_IDENTIFIER = "com.human.Gera-User-App";
				PRODUCT_NAME = "$(TARGET_NAME)";
			};
			name = Debug;
		};
		07B53ED71C0E526800C45274 /* Release */ = {
			isa = XCBuildConfiguration;
			buildSettings = {
				ASSETCATALOG_COMPILER_APPICON_NAME = AppIcon;
				INFOPLIST_FILE = Gera_User_App/Info.plist;
				LD_RUNPATH_SEARCH_PATHS = "$(inherited) @executable_path/Frameworks";
				PRODUCT_BUNDLE_IDENTIFIER = "com.human.Gera-User-App";
				PRODUCT_NAME = "$(TARGET_NAME)";
			};
			name = Release;
		};
		07B53ED91C0E526800C45274 /* Debug */ = {
			isa = XCBuildConfiguration;
			buildSettings = {
				BUNDLE_LOADER = "$(TEST_HOST)";
				INFOPLIST_FILE = Gera_User_AppTests/Info.plist;
				LD_RUNPATH_SEARCH_PATHS = "$(inherited) @executable_path/Frameworks @loader_path/Frameworks";
				PRODUCT_BUNDLE_IDENTIFIER = "com.human.Gera-User-AppTests";
				PRODUCT_NAME = "$(TARGET_NAME)";
				TEST_HOST = "$(BUILT_PRODUCTS_DIR)/Gera_User_App.app/Gera_User_App";
			};
			name = Debug;
		};
		07B53EDA1C0E526800C45274 /* Release */ = {
			isa = XCBuildConfiguration;
			buildSettings = {
				BUNDLE_LOADER = "$(TEST_HOST)";
				INFOPLIST_FILE = Gera_User_AppTests/Info.plist;
				LD_RUNPATH_SEARCH_PATHS = "$(inherited) @executable_path/Frameworks @loader_path/Frameworks";
				PRODUCT_BUNDLE_IDENTIFIER = "com.human.Gera-User-AppTests";
				PRODUCT_NAME = "$(TARGET_NAME)";
				TEST_HOST = "$(BUILT_PRODUCTS_DIR)/Gera_User_App.app/Gera_User_App";
			};
			name = Release;
		};
		07B53EDC1C0E526800C45274 /* Debug */ = {
			isa = XCBuildConfiguration;
			buildSettings = {
				INFOPLIST_FILE = Gera_User_AppUITests/Info.plist;
				LD_RUNPATH_SEARCH_PATHS = "$(inherited) @executable_path/Frameworks @loader_path/Frameworks";
				PRODUCT_BUNDLE_IDENTIFIER = "com.human.Gera-User-AppUITests";
				PRODUCT_NAME = "$(TARGET_NAME)";
				TEST_TARGET_NAME = Gera_User_App;
				USES_XCTRUNNER = YES;
			};
			name = Debug;
		};
		07B53EDD1C0E526800C45274 /* Release */ = {
			isa = XCBuildConfiguration;
			buildSettings = {
				INFOPLIST_FILE = Gera_User_AppUITests/Info.plist;
				LD_RUNPATH_SEARCH_PATHS = "$(inherited) @executable_path/Frameworks @loader_path/Frameworks";
				PRODUCT_BUNDLE_IDENTIFIER = "com.human.Gera-User-AppUITests";
				PRODUCT_NAME = "$(TARGET_NAME)";
				TEST_TARGET_NAME = Gera_User_App;
				USES_XCTRUNNER = YES;
			};
			name = Release;
		};
/* End XCBuildConfiguration section */

/* Begin XCConfigurationList section */
		07B53EA51C0E526700C45274 /* Build configuration list for PBXProject "Gera_User_App" */ = {
			isa = XCConfigurationList;
			buildConfigurations = (
				07B53ED31C0E526800C45274 /* Debug */,
				07B53ED41C0E526800C45274 /* Release */,
			);
			defaultConfigurationIsVisible = 0;
			defaultConfigurationName = Release;
		};
		07B53ED51C0E526800C45274 /* Build configuration list for PBXNativeTarget "Gera_User_App" */ = {
			isa = XCConfigurationList;
			buildConfigurations = (
				07B53ED61C0E526800C45274 /* Debug */,
				07B53ED71C0E526800C45274 /* Release */,
			);
			defaultConfigurationIsVisible = 0;
		};
		07B53ED81C0E526800C45274 /* Build configuration list for PBXNativeTarget "Gera_User_AppTests" */ = {
			isa = XCConfigurationList;
			buildConfigurations = (
				07B53ED91C0E526800C45274 /* Debug */,
				07B53EDA1C0E526800C45274 /* Release */,
			);
			defaultConfigurationIsVisible = 0;
		};
		07B53EDB1C0E526800C45274 /* Build configuration list for PBXNativeTarget "Gera_User_AppUITests" */ = {
			isa = XCConfigurationList;
			buildConfigurations = (
				07B53EDC1C0E526800C45274 /* Debug */,
				07B53EDD1C0E526800C45274 /* Release */,
			);
			defaultConfigurationIsVisible = 0;
		};
/* End XCConfigurationList section */

/* Begin XCVersionGroup section */
		07B53EB41C0E526700C45274 /* Gera_User_App.xcdatamodeld */ = {
			isa = XCVersionGroup;
			children = (
				07B53EB51C0E526700C45274 /* Gera_User_App.xcdatamodel */,
			);
			currentVersion = 07B53EB51C0E526700C45274 /* Gera_User_App.xcdatamodel */;
			path = Gera_User_App.xcdatamodeld;
			sourceTree = "<group>";
			versionGroupType = wrapper.xcdatamodel;
		};
/* End XCVersionGroup section */
	};
	rootObject = 07B53EA21C0E526700C45274 /* Project object */;
}
