// !$*UTF8*$!
{
	archiveVersion = 1;
	classes = {
	};
	objectVersion = 46;
	objects = {

/* Begin PBXBuildFile section */
		07C17B1E1C09401500BA373B /* AppDelegate.swift in Sources */ = {isa = PBXBuildFile; fileRef = 07C17B1D1C09401500BA373B /* AppDelegate.swift */; };
		07C17B201C09401500BA373B /* ViewController.swift in Sources */ = {isa = PBXBuildFile; fileRef = 07C17B1F1C09401500BA373B /* ViewController.swift */; };
		07C17B231C09401500BA373B /* Main.storyboard in Resources */ = {isa = PBXBuildFile; fileRef = 07C17B211C09401500BA373B /* Main.storyboard */; };
		07C17B251C09401500BA373B /* Assets.xcassets in Resources */ = {isa = PBXBuildFile; fileRef = 07C17B241C09401500BA373B /* Assets.xcassets */; };
		07C17B281C09401500BA373B /* LaunchScreen.storyboard in Resources */ = {isa = PBXBuildFile; fileRef = 07C17B261C09401500BA373B /* LaunchScreen.storyboard */; };
		07C17B331C09401500BA373B /* GeraTests.swift in Sources */ = {isa = PBXBuildFile; fileRef = 07C17B321C09401500BA373B /* GeraTests.swift */; };
		07C17B3E1C09401500BA373B /* GeraUITests.swift in Sources */ = {isa = PBXBuildFile; fileRef = 07C17B3D1C09401500BA373B /* GeraUITests.swift */; };
/* End PBXBuildFile section */

/* Begin PBXContainerItemProxy section */
		07C17B2F1C09401500BA373B /* PBXContainerItemProxy */ = {
			isa = PBXContainerItemProxy;
			containerPortal = 07C17B121C09401500BA373B /* Project object */;
			proxyType = 1;
			remoteGlobalIDString = 07C17B191C09401500BA373B;
			remoteInfo = Gera;
		};
		07C17B3A1C09401500BA373B /* PBXContainerItemProxy */ = {
			isa = PBXContainerItemProxy;
			containerPortal = 07C17B121C09401500BA373B /* Project object */;
			proxyType = 1;
			remoteGlobalIDString = 07C17B191C09401500BA373B;
			remoteInfo = Gera;
		};
/* End PBXContainerItemProxy section */

/* Begin PBXFileReference section */
		07C17B1A1C09401500BA373B /* Gera.app */ = {isa = PBXFileReference; explicitFileType = wrapper.application; includeInIndex = 0; path = Gera.app; sourceTree = BUILT_PRODUCTS_DIR; };
		07C17B1D1C09401500BA373B /* AppDelegate.swift */ = {isa = PBXFileReference; lastKnownFileType = sourcecode.swift; path = AppDelegate.swift; sourceTree = "<group>"; };
		07C17B1F1C09401500BA373B /* ViewController.swift */ = {isa = PBXFileReference; lastKnownFileType = sourcecode.swift; path = ViewController.swift; sourceTree = "<group>"; };
		07C17B221C09401500BA373B /* Base */ = {isa = PBXFileReference; lastKnownFileType = file.storyboard; name = Base; path = Base.lproj/Main.storyboard; sourceTree = "<group>"; };
		07C17B241C09401500BA373B /* Assets.xcassets */ = {isa = PBXFileReference; lastKnownFileType = folder.assetcatalog; path = Assets.xcassets; sourceTree = "<group>"; };
		07C17B271C09401500BA373B /* Base */ = {isa = PBXFileReference; lastKnownFileType = file.storyboard; name = Base; path = Base.lproj/LaunchScreen.storyboard; sourceTree = "<group>"; };
		07C17B291C09401500BA373B /* Info.plist */ = {isa = PBXFileReference; lastKnownFileType = text.plist.xml; path = Info.plist; sourceTree = "<group>"; };
		07C17B2E1C09401500BA373B /* GeraTests.xctest */ = {isa = PBXFileReference; explicitFileType = wrapper.cfbundle; includeInIndex = 0; path = GeraTests.xctest; sourceTree = BUILT_PRODUCTS_DIR; };
		07C17B321C09401500BA373B /* GeraTests.swift */ = {isa = PBXFileReference; lastKnownFileType = sourcecode.swift; path = GeraTests.swift; sourceTree = "<group>"; };
		07C17B341C09401500BA373B /* Info.plist */ = {isa = PBXFileReference; lastKnownFileType = text.plist.xml; path = Info.plist; sourceTree = "<group>"; };
		07C17B391C09401500BA373B /* GeraUITests.xctest */ = {isa = PBXFileReference; explicitFileType = wrapper.cfbundle; includeInIndex = 0; path = GeraUITests.xctest; sourceTree = BUILT_PRODUCTS_DIR; };
		07C17B3D1C09401500BA373B /* GeraUITests.swift */ = {isa = PBXFileReference; lastKnownFileType = sourcecode.swift; path = GeraUITests.swift; sourceTree = "<group>"; };
		07C17B3F1C09401500BA373B /* Info.plist */ = {isa = PBXFileReference; lastKnownFileType = text.plist.xml; path = Info.plist; sourceTree = "<group>"; };
/* End PBXFileReference section */

/* Begin PBXFrameworksBuildPhase section */
		07C17B171C09401500BA373B /* Frameworks */ = {
			isa = PBXFrameworksBuildPhase;
			buildActionMask = 2147483647;
			files = (
			);
			runOnlyForDeploymentPostprocessing = 0;
		};
		07C17B2B1C09401500BA373B /* Frameworks */ = {
			isa = PBXFrameworksBuildPhase;
			buildActionMask = 2147483647;
			files = (
			);
			runOnlyForDeploymentPostprocessing = 0;
		};
		07C17B361C09401500BA373B /* Frameworks */ = {
			isa = PBXFrameworksBuildPhase;
			buildActionMask = 2147483647;
			files = (
			);
			runOnlyForDeploymentPostprocessing = 0;
		};
/* End PBXFrameworksBuildPhase section */

/* Begin PBXGroup section */
		07C17B111C09401500BA373B = {
			isa = PBXGroup;
			children = (
				07C17B1C1C09401500BA373B /* Gera */,
				07C17B311C09401500BA373B /* GeraTests */,
				07C17B3C1C09401500BA373B /* GeraUITests */,
				07C17B1B1C09401500BA373B /* Products */,
			);
			sourceTree = "<group>";
		};
		07C17B1B1C09401500BA373B /* Products */ = {
			isa = PBXGroup;
			children = (
				07C17B1A1C09401500BA373B /* Gera.app */,
				07C17B2E1C09401500BA373B /* GeraTests.xctest */,
				07C17B391C09401500BA373B /* GeraUITests.xctest */,
			);
			name = Products;
			sourceTree = "<group>";
		};
		07C17B1C1C09401500BA373B /* Gera */ = {
			isa = PBXGroup;
			children = (
				07C17B1D1C09401500BA373B /* AppDelegate.swift */,
				07C17B1F1C09401500BA373B /* ViewController.swift */,
				07C17B211C09401500BA373B /* Main.storyboard */,
				07C17B241C09401500BA373B /* Assets.xcassets */,
				07C17B261C09401500BA373B /* LaunchScreen.storyboard */,
				07C17B291C09401500BA373B /* Info.plist */,
			);
			path = Gera;
			sourceTree = "<group>";
		};
		07C17B311C09401500BA373B /* GeraTests */ = {
			isa = PBXGroup;
			children = (
				07C17B321C09401500BA373B /* GeraTests.swift */,
				07C17B341C09401500BA373B /* Info.plist */,
			);
			path = GeraTests;
			sourceTree = "<group>";
		};
		07C17B3C1C09401500BA373B /* GeraUITests */ = {
			isa = PBXGroup;
			children = (
				07C17B3D1C09401500BA373B /* GeraUITests.swift */,
				07C17B3F1C09401500BA373B /* Info.plist */,
			);
			path = GeraUITests;
			sourceTree = "<group>";
		};
/* End PBXGroup section */

/* Begin PBXNativeTarget section */
		07C17B191C09401500BA373B /* Gera */ = {
			isa = PBXNativeTarget;
			buildConfigurationList = 07C17B421C09401500BA373B /* Build configuration list for PBXNativeTarget "Gera" */;
			buildPhases = (
				07C17B161C09401500BA373B /* Sources */,
				07C17B171C09401500BA373B /* Frameworks */,
				07C17B181C09401500BA373B /* Resources */,
			);
			buildRules = (
			);
			dependencies = (
			);
			name = Gera;
			productName = Gera;
			productReference = 07C17B1A1C09401500BA373B /* Gera.app */;
			productType = "com.apple.product-type.application";
		};
		07C17B2D1C09401500BA373B /* GeraTests */ = {
			isa = PBXNativeTarget;
			buildConfigurationList = 07C17B451C09401500BA373B /* Build configuration list for PBXNativeTarget "GeraTests" */;
			buildPhases = (
				07C17B2A1C09401500BA373B /* Sources */,
				07C17B2B1C09401500BA373B /* Frameworks */,
				07C17B2C1C09401500BA373B /* Resources */,
			);
			buildRules = (
			);
			dependencies = (
				07C17B301C09401500BA373B /* PBXTargetDependency */,
			);
			name = GeraTests;
			productName = GeraTests;
			productReference = 07C17B2E1C09401500BA373B /* GeraTests.xctest */;
			productType = "com.apple.product-type.bundle.unit-test";
		};
		07C17B381C09401500BA373B /* GeraUITests */ = {
			isa = PBXNativeTarget;
			buildConfigurationList = 07C17B481C09401500BA373B /* Build configuration list for PBXNativeTarget "GeraUITests" */;
			buildPhases = (
				07C17B351C09401500BA373B /* Sources */,
				07C17B361C09401500BA373B /* Frameworks */,
				07C17B371C09401500BA373B /* Resources */,
			);
			buildRules = (
			);
			dependencies = (
				07C17B3B1C09401500BA373B /* PBXTargetDependency */,
			);
			name = GeraUITests;
			productName = GeraUITests;
			productReference = 07C17B391C09401500BA373B /* GeraUITests.xctest */;
			productType = "com.apple.product-type.bundle.ui-testing";
		};
/* End PBXNativeTarget section */

/* Begin PBXProject section */
		07C17B121C09401500BA373B /* Project object */ = {
			isa = PBXProject;
			attributes = {
				LastSwiftUpdateCheck = 0710;
				LastUpgradeCheck = 0710;
				ORGANIZATIONNAME = Human;
				TargetAttributes = {
					07C17B191C09401500BA373B = {
						CreatedOnToolsVersion = 7.1.1;
					};
					07C17B2D1C09401500BA373B = {
						CreatedOnToolsVersion = 7.1.1;
						TestTargetID = 07C17B191C09401500BA373B;
					};
					07C17B381C09401500BA373B = {
						CreatedOnToolsVersion = 7.1.1;
						TestTargetID = 07C17B191C09401500BA373B;
					};
				};
			};
			buildConfigurationList = 07C17B151C09401500BA373B /* Build configuration list for PBXProject "Gera" */;
			compatibilityVersion = "Xcode 3.2";
			developmentRegion = English;
			hasScannedForEncodings = 0;
			knownRegions = (
				en,
				Base,
			);
			mainGroup = 07C17B111C09401500BA373B;
			productRefGroup = 07C17B1B1C09401500BA373B /* Products */;
			projectDirPath = "";
			projectRoot = "";
			targets = (
				07C17B191C09401500BA373B /* Gera */,
				07C17B2D1C09401500BA373B /* GeraTests */,
				07C17B381C09401500BA373B /* GeraUITests */,
			);
		};
/* End PBXProject section */

/* Begin PBXResourcesBuildPhase section */
		07C17B181C09401500BA373B /* Resources */ = {
			isa = PBXResourcesBuildPhase;
			buildActionMask = 2147483647;
			files = (
				07C17B281C09401500BA373B /* LaunchScreen.storyboard in Resources */,
				07C17B251C09401500BA373B /* Assets.xcassets in Resources */,
				07C17B231C09401500BA373B /* Main.storyboard in Resources */,
			);
			runOnlyForDeploymentPostprocessing = 0;
		};
		07C17B2C1C09401500BA373B /* Resources */ = {
			isa = PBXResourcesBuildPhase;
			buildActionMask = 2147483647;
			files = (
			);
			runOnlyForDeploymentPostprocessing = 0;
		};
		07C17B371C09401500BA373B /* Resources */ = {
			isa = PBXResourcesBuildPhase;
			buildActionMask = 2147483647;
			files = (
			);
			runOnlyForDeploymentPostprocessing = 0;
		};
/* End PBXResourcesBuildPhase section */

/* Begin PBXSourcesBuildPhase section */
		07C17B161C09401500BA373B /* Sources */ = {
			isa = PBXSourcesBuildPhase;
			buildActionMask = 2147483647;
			files = (
				07C17B201C09401500BA373B /* ViewController.swift in Sources */,
				07C17B1E1C09401500BA373B /* AppDelegate.swift in Sources */,
			);
			runOnlyForDeploymentPostprocessing = 0;
		};
		07C17B2A1C09401500BA373B /* Sources */ = {
			isa = PBXSourcesBuildPhase;
			buildActionMask = 2147483647;
			files = (
				07C17B331C09401500BA373B /* GeraTests.swift in Sources */,
			);
			runOnlyForDeploymentPostprocessing = 0;
		};
		07C17B351C09401500BA373B /* Sources */ = {
			isa = PBXSourcesBuildPhase;
			buildActionMask = 2147483647;
			files = (
				07C17B3E1C09401500BA373B /* GeraUITests.swift in Sources */,
			);
			runOnlyForDeploymentPostprocessing = 0;
		};
/* End PBXSourcesBuildPhase section */

/* Begin PBXTargetDependency section */
		07C17B301C09401500BA373B /* PBXTargetDependency */ = {
			isa = PBXTargetDependency;
			target = 07C17B191C09401500BA373B /* Gera */;
			targetProxy = 07C17B2F1C09401500BA373B /* PBXContainerItemProxy */;
		};
		07C17B3B1C09401500BA373B /* PBXTargetDependency */ = {
			isa = PBXTargetDependency;
			target = 07C17B191C09401500BA373B /* Gera */;
			targetProxy = 07C17B3A1C09401500BA373B /* PBXContainerItemProxy */;
		};
/* End PBXTargetDependency section */

/* Begin PBXVariantGroup section */
		07C17B211C09401500BA373B /* Main.storyboard */ = {
			isa = PBXVariantGroup;
			children = (
				07C17B221C09401500BA373B /* Base */,
			);
			name = Main.storyboard;
			sourceTree = "<group>";
		};
		07C17B261C09401500BA373B /* LaunchScreen.storyboard */ = {
			isa = PBXVariantGroup;
			children = (
				07C17B271C09401500BA373B /* Base */,
			);
			name = LaunchScreen.storyboard;
			sourceTree = "<group>";
		};
/* End PBXVariantGroup section */

/* Begin XCBuildConfiguration section */
		07C17B401C09401500BA373B /* Debug */ = {
			isa = XCBuildConfiguration;
			buildSettings = {
				ALWAYS_SEARCH_USER_PATHS = NO;
				CLANG_CXX_LANGUAGE_STANDARD = "gnu++0x";
				CLANG_CXX_LIBRARY = "libc++";
				CLANG_ENABLE_MODULES = YES;
				CLANG_ENABLE_OBJC_ARC = YES;
				CLANG_WARN_BOOL_CONVERSION = YES;
				CLANG_WARN_CONSTANT_CONVERSION = YES;
				CLANG_WARN_DIRECT_OBJC_ISA_USAGE = YES_ERROR;
				CLANG_WARN_EMPTY_BODY = YES;
				CLANG_WARN_ENUM_CONVERSION = YES;
				CLANG_WARN_INT_CONVERSION = YES;
				CLANG_WARN_OBJC_ROOT_CLASS = YES_ERROR;
				CLANG_WARN_UNREACHABLE_CODE = YES;
				CLANG_WARN__DUPLICATE_METHOD_MATCH = YES;
				"CODE_SIGN_IDENTITY[sdk=iphoneos*]" = "iPhone Developer";
				COPY_PHASE_STRIP = NO;
				DEBUG_INFORMATION_FORMAT = dwarf;
				ENABLE_STRICT_OBJC_MSGSEND = YES;
				ENABLE_TESTABILITY = YES;
				GCC_C_LANGUAGE_STANDARD = gnu99;
				GCC_DYNAMIC_NO_PIC = NO;
				GCC_NO_COMMON_BLOCKS = YES;
				GCC_OPTIMIZATION_LEVEL = 0;
				GCC_PREPROCESSOR_DEFINITIONS = (
					"DEBUG=1",
					"$(inherited)",
				);
				GCC_WARN_64_TO_32_BIT_CONVERSION = YES;
				GCC_WARN_ABOUT_RETURN_TYPE = YES_ERROR;
				GCC_WARN_UNDECLARED_SELECTOR = YES;
				GCC_WARN_UNINITIALIZED_AUTOS = YES_AGGRESSIVE;
				GCC_WARN_UNUSED_FUNCTION = YES;
				GCC_WARN_UNUSED_VARIABLE = YES;
				IPHONEOS_DEPLOYMENT_TARGET = 9.1;
				MTL_ENABLE_DEBUG_INFO = YES;
				ONLY_ACTIVE_ARCH = YES;
				SDKROOT = iphoneos;
				SWIFT_OPTIMIZATION_LEVEL = "-Onone";
			};
			name = Debug;
		};
		07C17B411C09401500BA373B /* Release */ = {
			isa = XCBuildConfiguration;
			buildSettings = {
				ALWAYS_SEARCH_USER_PATHS = NO;
				CLANG_CXX_LANGUAGE_STANDARD = "gnu++0x";
				CLANG_CXX_LIBRARY = "libc++";
				CLANG_ENABLE_MODULES = YES;
				CLANG_ENABLE_OBJC_ARC = YES;
				CLANG_WARN_BOOL_CONVERSION = YES;
				CLANG_WARN_CONSTANT_CONVERSION = YES;
				CLANG_WARN_DIRECT_OBJC_ISA_USAGE = YES_ERROR;
				CLANG_WARN_EMPTY_BODY = YES;
				CLANG_WARN_ENUM_CONVERSION = YES;
				CLANG_WARN_INT_CONVERSION = YES;
				CLANG_WARN_OBJC_ROOT_CLASS = YES_ERROR;
				CLANG_WARN_UNREACHABLE_CODE = YES;
				CLANG_WARN__DUPLICATE_METHOD_MATCH = YES;
				"CODE_SIGN_IDENTITY[sdk=iphoneos*]" = "iPhone Developer";
				COPY_PHASE_STRIP = NO;
				DEBUG_INFORMATION_FORMAT = "dwarf-with-dsym";
				ENABLE_NS_ASSERTIONS = NO;
				ENABLE_STRICT_OBJC_MSGSEND = YES;
				GCC_C_LANGUAGE_STANDARD = gnu99;
				GCC_NO_COMMON_BLOCKS = YES;
				GCC_WARN_64_TO_32_BIT_CONVERSION = YES;
				GCC_WARN_ABOUT_RETURN_TYPE = YES_ERROR;
				GCC_WARN_UNDECLARED_SELECTOR = YES;
				GCC_WARN_UNINITIALIZED_AUTOS = YES_AGGRESSIVE;
				GCC_WARN_UNUSED_FUNCTION = YES;
				GCC_WARN_UNUSED_VARIABLE = YES;
				IPHONEOS_DEPLOYMENT_TARGET = 9.1;
				MTL_ENABLE_DEBUG_INFO = NO;
				SDKROOT = iphoneos;
				VALIDATE_PRODUCT = YES;
			};
			name = Release;
		};
		07C17B431C09401500BA373B /* Debug */ = {
			isa = XCBuildConfiguration;
			buildSettings = {
				ASSETCATALOG_COMPILER_APPICON_NAME = AppIcon;
				INFOPLIST_FILE = Gera/Info.plist;
				LD_RUNPATH_SEARCH_PATHS = "$(inherited) @executable_path/Frameworks";
				PRODUCT_BUNDLE_IDENTIFIER = com.human.Gera;
				PRODUCT_NAME = "$(TARGET_NAME)";
			};
			name = Debug;
		};
		07C17B441C09401500BA373B /* Release */ = {
			isa = XCBuildConfiguration;
			buildSettings = {
				ASSETCATALOG_COMPILER_APPICON_NAME = AppIcon;
				INFOPLIST_FILE = Gera/Info.plist;
				LD_RUNPATH_SEARCH_PATHS = "$(inherited) @executable_path/Frameworks";
				PRODUCT_BUNDLE_IDENTIFIER = com.human.Gera;
				PRODUCT_NAME = "$(TARGET_NAME)";
			};
			name = Release;
		};
		07C17B461C09401500BA373B /* Debug */ = {
			isa = XCBuildConfiguration;
			buildSettings = {
				BUNDLE_LOADER = "$(TEST_HOST)";
				INFOPLIST_FILE = GeraTests/Info.plist;
				LD_RUNPATH_SEARCH_PATHS = "$(inherited) @executable_path/Frameworks @loader_path/Frameworks";
				PRODUCT_BUNDLE_IDENTIFIER = com.human.GeraTests;
				PRODUCT_NAME = "$(TARGET_NAME)";
				TEST_HOST = "$(BUILT_PRODUCTS_DIR)/Gera.app/Gera";
			};
			name = Debug;
		};
		07C17B471C09401500BA373B /* Release */ = {
			isa = XCBuildConfiguration;
			buildSettings = {
				BUNDLE_LOADER = "$(TEST_HOST)";
				INFOPLIST_FILE = GeraTests/Info.plist;
				LD_RUNPATH_SEARCH_PATHS = "$(inherited) @executable_path/Frameworks @loader_path/Frameworks";
				PRODUCT_BUNDLE_IDENTIFIER = com.human.GeraTests;
				PRODUCT_NAME = "$(TARGET_NAME)";
				TEST_HOST = "$(BUILT_PRODUCTS_DIR)/Gera.app/Gera";
			};
			name = Release;
		};
		07C17B491C09401500BA373B /* Debug */ = {
			isa = XCBuildConfiguration;
			buildSettings = {
				INFOPLIST_FILE = GeraUITests/Info.plist;
				LD_RUNPATH_SEARCH_PATHS = "$(inherited) @executable_path/Frameworks @loader_path/Frameworks";
				PRODUCT_BUNDLE_IDENTIFIER = com.human.GeraUITests;
				PRODUCT_NAME = "$(TARGET_NAME)";
				TEST_TARGET_NAME = Gera;
				USES_XCTRUNNER = YES;
			};
			name = Debug;
		};
		07C17B4A1C09401500BA373B /* Release */ = {
			isa = XCBuildConfiguration;
			buildSettings = {
				INFOPLIST_FILE = GeraUITests/Info.plist;
				LD_RUNPATH_SEARCH_PATHS = "$(inherited) @executable_path/Frameworks @loader_path/Frameworks";
				PRODUCT_BUNDLE_IDENTIFIER = com.human.GeraUITests;
				PRODUCT_NAME = "$(TARGET_NAME)";
				TEST_TARGET_NAME = Gera;
				USES_XCTRUNNER = YES;
			};
			name = Release;
		};
/* End XCBuildConfiguration section */

/* Begin XCConfigurationList section */
		07C17B151C09401500BA373B /* Build configuration list for PBXProject "Gera" */ = {
			isa = XCConfigurationList;
			buildConfigurations = (
				07C17B401C09401500BA373B /* Debug */,
				07C17B411C09401500BA373B /* Release */,
			);
			defaultConfigurationIsVisible = 0;
			defaultConfigurationName = Release;
		};
		07C17B421C09401500BA373B /* Build configuration list for PBXNativeTarget "Gera" */ = {
			isa = XCConfigurationList;
			buildConfigurations = (
				07C17B431C09401500BA373B /* Debug */,
				07C17B441C09401500BA373B /* Release */,
			);
			defaultConfigurationIsVisible = 0;
			defaultConfigurationName = Release;
		};
		07C17B451C09401500BA373B /* Build configuration list for PBXNativeTarget "GeraTests" */ = {
			isa = XCConfigurationList;
			buildConfigurations = (
				07C17B461C09401500BA373B /* Debug */,
				07C17B471C09401500BA373B /* Release */,
			);
			defaultConfigurationIsVisible = 0;
			defaultConfigurationName = Release;
		};
		07C17B481C09401500BA373B /* Build configuration list for PBXNativeTarget "GeraUITests" */ = {
			isa = XCConfigurationList;
			buildConfigurations = (
				07C17B491C09401500BA373B /* Debug */,
				07C17B4A1C09401500BA373B /* Release */,
			);
			defaultConfigurationIsVisible = 0;
			defaultConfigurationName = Release;
		};
/* End XCConfigurationList section */
	};
	rootObject = 07C17B121C09401500BA373B /* Project object */;
}
